// !$*UTF8*$!
{
	archiveVersion = 1;
	classes = {
	};
	objectVersion = 48;
	objects = {

/* Begin PBXBuildFile section */
		A41CFF3C209ADAB100D479E8 /* AppDelegate.swift in Sources */ = {isa = PBXBuildFile; fileRef = A41CFF3B209ADAB100D479E8 /* AppDelegate.swift */; };
		A41CFF3E209ADAB100D479E8 /* ViewController.swift in Sources */ = {isa = PBXBuildFile; fileRef = A41CFF3D209ADAB100D479E8 /* ViewController.swift */; };
		A41CFF41209ADAB100D479E8 /* Main.storyboard in Resources */ = {isa = PBXBuildFile; fileRef = A41CFF3F209ADAB100D479E8 /* Main.storyboard */; };
		A41CFF43209ADAB100D479E8 /* Assets.xcassets in Resources */ = {isa = PBXBuildFile; fileRef = A41CFF42209ADAB100D479E8 /* Assets.xcassets */; };
		A41CFF46209ADAB100D479E8 /* LaunchScreen.storyboard in Resources */ = {isa = PBXBuildFile; fileRef = A41CFF44209ADAB100D479E8 /* LaunchScreen.storyboard */; };
/* End PBXBuildFile section */

/* Begin PBXFileReference section */
		A41CFF38209ADAB100D479E8 /* RadioBt.app */ = {isa = PBXFileReference; explicitFileType = wrapper.application; includeInIndex = 0; path = RadioBt.app; sourceTree = BUILT_PRODUCTS_DIR; };
		A41CFF3B209ADAB100D479E8 /* AppDelegate.swift */ = {isa = PBXFileReference; lastKnownFileType = sourcecode.swift; path = AppDelegate.swift; sourceTree = "<group>"; };
		A41CFF3D209ADAB100D479E8 /* ViewController.swift */ = {isa = PBXFileReference; lastKnownFileType = sourcecode.swift; path = ViewController.swift; sourceTree = "<group>"; };
		A41CFF40209ADAB100D479E8 /* Base */ = {isa = PBXFileReference; lastKnownFileType = file.storyboard; name = Base; path = Base.lproj/Main.storyboard; sourceTree = "<group>"; };
		A41CFF42209ADAB100D479E8 /* Assets.xcassets */ = {isa = PBXFileReference; lastKnownFileType = folder.assetcatalog; path = Assets.xcassets; sourceTree = "<group>"; };
		A41CFF45209ADAB100D479E8 /* Base */ = {isa = PBXFileReference; lastKnownFileType = file.storyboard; name = Base; path = Base.lproj/LaunchScreen.storyboard; sourceTree = "<group>"; };
		A41CFF47209ADAB100D479E8 /* Info.plist */ = {isa = PBXFileReference; lastKnownFileType = text.plist.xml; path = Info.plist; sourceTree = "<group>"; };
/* End PBXFileReference section */

/* Begin PBXFrameworksBuildPhase section */
		A41CFF35209ADAB100D479E8 /* Frameworks */ = {
			isa = PBXFrameworksBuildPhase;
			buildActionMask = 2147483647;
			files = (
			);
			runOnlyForDeploymentPostprocessing = 0;
		};
/* End PBXFrameworksBuildPhase section */

/* Begin PBXGroup section */
		A41CFF2F209ADAB100D479E8 = {
			isa = PBXGroup;
			children = (
				A41CFF3A209ADAB100D479E8 /* RadioBt */,
				A41CFF39209ADAB100D479E8 /* Products */,
			);
			sourceTree = "<group>";
		};
		A41CFF39209ADAB100D479E8 /* Products */ = {
			isa = PBXGroup;
			children = (
				A41CFF38209ADAB100D479E8 /* RadioBt.app */,
			);
			name = Products;
			sourceTree = "<group>";
		};
		A41CFF3A209ADAB100D479E8 /* RadioBt */ = {
			isa = PBXGroup;
			children = (
				A41CFF3B209ADAB100D479E8 /* AppDelegate.swift */,
				A41CFF3D209ADAB100D479E8 /* ViewController.swift */,
				A41CFF3F209ADAB100D479E8 /* Main.storyboard */,
				A41CFF42209ADAB100D479E8 /* Assets.xcassets */,
				A41CFF44209ADAB100D479E8 /* LaunchScreen.storyboard */,
				A41CFF47209ADAB100D479E8 /* Info.plist */,
			);
			path = RadioBt;
			sourceTree = "<group>";
		};
/* End PBXGroup section */

/* Begin PBXNativeTarget section */
		A41CFF37209ADAB100D479E8 /* RadioBt */ = {
			isa = PBXNativeTarget;
			buildConfigurationList = A41CFF4A209ADAB100D479E8 /* Build configuration list for PBXNativeTarget "RadioBt" */;
			buildPhases = (
				A41CFF34209ADAB100D479E8 /* Sources */,
				A41CFF35209ADAB100D479E8 /* Frameworks */,
				A41CFF36209ADAB100D479E8 /* Resources */,
			);
			buildRules = (
			);
			dependencies = (
			);
			name = RadioBt;
			productName = RadioBt;
			productReference = A41CFF38209ADAB100D479E8 /* RadioBt.app */;
			productType = "com.apple.product-type.application";
		};
/* End PBXNativeTarget section */

/* Begin PBXProject section */
		A41CFF30209ADAB100D479E8 /* Project object */ = {
			isa = PBXProject;
			attributes = {
				LastSwiftUpdateCheck = 0920;
				LastUpgradeCheck = 0920;
				ORGANIZATIONNAME = "AFFIXUS IMAC1";
				TargetAttributes = {
					A41CFF37209ADAB100D479E8 = {
						CreatedOnToolsVersion = 9.2;
						ProvisioningStyle = Automatic;
					};
				};
			};
			buildConfigurationList = A41CFF33209ADAB100D479E8 /* Build configuration list for PBXProject "RadioBt" */;
			compatibilityVersion = "Xcode 8.0";
			developmentRegion = en;
			hasScannedForEncodings = 0;
			knownRegions = (
				en,
				Base,
			);
			mainGroup = A41CFF2F209ADAB100D479E8;
			productRefGroup = A41CFF39209ADAB100D479E8 /* Products */;
			projectDirPath = "";
			projectRoot = "";
			targets = (
				A41CFF37209ADAB100D479E8 /* RadioBt */,
			);
		};
/* End PBXProject section */

/* Begin PBXResourcesBuildPhase section */
		A41CFF36209ADAB100D479E8 /* Resources */ = {
			isa = PBXResourcesBuildPhase;
			buildActionMask = 2147483647;
			files = (
				A41CFF46209ADAB100D479E8 /* LaunchScreen.storyboard in Resources */,
				A41CFF43209ADAB100D479E8 /* Assets.xcassets in Resources */,
				A41CFF41209ADAB100D479E8 /* Main.storyboard in Resources */,
			);
			runOnlyForDeploymentPostprocessing = 0;
		};
/* End PBXResourcesBuildPhase section */

/* Begin PBXSourcesBuildPhase section */
		A41CFF34209ADAB100D479E8 /* Sources */ = {
			isa = PBXSourcesBuildPhase;
			buildActionMask = 2147483647;
			files = (
				A41CFF3E209ADAB100D479E8 /* ViewController.swift in Sources */,
				A41CFF3C209ADAB100D479E8 /* AppDelegate.swift in Sources */,
			);
			runOnlyForDeploymentPostprocessing = 0;
		};
/* End PBXSourcesBuildPhase section */

/* Begin PBXVariantGroup section */
		A41CFF3F209ADAB100D479E8 /* Main.storyboard */ = {
			isa = PBXVariantGroup;
			children = (
				A41CFF40209ADAB100D479E8 /* Base */,
			);
			name = Main.storyboard;
			sourceTree = "<group>";
		};
		A41CFF44209ADAB100D479E8 /* LaunchScreen.storyboard */ = {
			isa = PBXVariantGroup;
			children = (
				A41CFF45209ADAB100D479E8 /* Base */,
			);
			name = LaunchScreen.storyboard;
			sourceTree = "<group>";
		};
/* End PBXVariantGroup section */

/* Begin XCBuildConfiguration section */
		A41CFF48209ADAB100D479E8 /* Debug */ = {
			isa = XCBuildConfiguration;
			buildSettings = {
				ALWAYS_SEARCH_USER_PATHS = NO;
				CLANG_ANALYZER_NONNULL = YES;
				CLANG_ANALYZER_NUMBER_OBJECT_CONVERSION = YES_AGGRESSIVE;
				CLANG_CXX_LANGUAGE_STANDARD = "gnu++14";
				CLANG_CXX_LIBRARY = "libc++";
				CLANG_ENABLE_MODULES = YES;
				CLANG_ENABLE_OBJC_ARC = YES;
				CLANG_WARN_BLOCK_CAPTURE_AUTORELEASING = YES;
				CLANG_WARN_BOOL_CONVERSION = YES;
				CLANG_WARN_COMMA = YES;
				CLANG_WARN_CONSTANT_CONVERSION = YES;
				CLANG_WARN_DIRECT_OBJC_ISA_USAGE = YES_ERROR;
				CLANG_WARN_DOCUMENTATION_COMMENTS = YES;
				CLANG_WARN_EMPTY_BODY = YES;
				CLANG_WARN_ENUM_CONVERSION = YES;
				CLANG_WARN_INFINITE_RECURSION = YES;
				CLANG_WARN_INT_CONVERSION = YES;
				CLANG_WARN_NON_LITERAL_NULL_CONVERSION = YES;
				CLANG_WARN_OBJC_LITERAL_CONVERSION = YES;
				CLANG_WARN_OBJC_ROOT_CLASS = YES_ERROR;
				CLANG_WARN_RANGE_LOOP_ANALYSIS = YES;
				CLANG_WARN_STRICT_PROTOTYPES = YES;
				CLANG_WARN_SUSPICIOUS_MOVE = YES;
				CLANG_WARN_UNGUARDED_AVAILABILITY = YES_AGGRESSIVE;
				CLANG_WARN_UNREACHABLE_CODE = YES;
				CLANG_WARN__DUPLICATE_METHOD_MATCH = YES;
				CODE_SIGN_IDENTITY = "iPhone Developer";
				COPY_PHASE_STRIP = NO;
				DEBUG_INFORMATION_FORMAT = dwarf;
				ENABLE_STRICT_OBJC_MSGSEND = YES;
				ENABLE_TESTABILITY = YES;
				GCC_C_LANGUAGE_STANDARD = gnu11;
				GCC_DYNAMIC_NO_PIC = NO;
				GCC_NO_COMMON_BLOCKS = YES;
				GCC_OPTIMIZATION_LEVEL = 0;
				GCC_PREPROCESSOR_DEFINITIONS = (
					"DEBUG=1",
					"$(inherited)",
				);
				GCC_WARN_64_TO_32_BIT_CONVERSION = YES;
				GCC_WARN_ABOUT_RETURN_TYPE = YES_ERROR;
				GCC_WARN_UNDECLARED_SELECTOR = YES;
				GCC_WARN_UNINITIALIZED_AUTOS = YES_AGGRESSIVE;
				GCC_WARN_UNUSED_FUNCTION = YES;
				GCC_WARN_UNUSED_VARIABLE = YES;
				IPHONEOS_DEPLOYMENT_TARGET = 11.2;
				MTL_ENABLE_DEBUG_INFO = YES;
				ONLY_ACTIVE_ARCH = YES;
				SDKROOT = iphoneos;
				SWIFT_ACTIVE_COMPILATION_CONDITIONS = DEBUG;
				SWIFT_OPTIMIZATION_LEVEL = "-Onone";
			};
			name = Debug;
		};
		A41CFF49209ADAB100D479E8 /* Release */ = {
			isa = XCBuildConfiguration;
			buildSettings = {
				ALWAYS_SEARCH_USER_PATHS = NO;
				CLANG_ANALYZER_NONNULL = YES;
				CLANG_ANALYZER_NUMBER_OBJECT_CONVERSION = YES_AGGRESSIVE;
				CLANG_CXX_LANGUAGE_STANDARD = "gnu++14";
				CLANG_CXX_LIBRARY = "libc++";
				CLANG_ENABLE_MODULES = YES;
				CLANG_ENABLE_OBJC_ARC = YES;
				CLANG_WARN_BLOCK_CAPTURE_AUTORELEASING = YES;
				CLANG_WARN_BOOL_CONVERSION = YES;
				CLANG_WARN_COMMA = YES;
				CLANG_WARN_CONSTANT_CONVERSION = YES;
				CLANG_WARN_DIRECT_OBJC_ISA_USAGE = YES_ERROR;
				CLANG_WARN_DOCUMENTATION_COMMENTS = YES;
				CLANG_WARN_EMPTY_BODY = YES;
				CLANG_WARN_ENUM_CONVERSION = YES;
				CLANG_WARN_INFINITE_RECURSION = YES;
				CLANG_WARN_INT_CONVERSION = YES;
				CLANG_WARN_NON_LITERAL_NULL_CONVERSION = YES;
				CLANG_WARN_OBJC_LITERAL_CONVERSION = YES;
				CLANG_WARN_OBJC_ROOT_CLASS = YES_ERROR;
				CLANG_WARN_RANGE_LOOP_ANALYSIS = YES;
				CLANG_WARN_STRICT_PROTOTYPES = YES;
				CLANG_WARN_SUSPICIOUS_MOVE = YES;
				CLANG_WARN_UNGUARDED_AVAILABILITY = YES_AGGRESSIVE;
				CLANG_WARN_UNREACHABLE_CODE = YES;
				CLANG_WARN__DUPLICATE_METHOD_MATCH = YES;
				CODE_SIGN_IDENTITY = "iPhone Developer";
				COPY_PHASE_STRIP = NO;
				DEBUG_INFORMATION_FORMAT = "dwarf-with-dsym";
				ENABLE_NS_ASSERTIONS = NO;
				ENABLE_STRICT_OBJC_MSGSEND = YES;
				GCC_C_LANGUAGE_STANDARD = gnu11;
				GCC_NO_COMMON_BLOCKS = YES;
				GCC_WARN_64_TO_32_BIT_CONVERSION = YES;
				GCC_WARN_ABOUT_RETURN_TYPE = YES_ERROR;
				GCC_WARN_UNDECLARED_SELECTOR = YES;
				GCC_WARN_UNINITIALIZED_AUTOS = YES_AGGRESSIVE;
				GCC_WARN_UNUSED_FUNCTION = YES;
				GCC_WARN_UNUSED_VARIABLE = YES;
				IPHONEOS_DEPLOYMENT_TARGET = 11.2;
				MTL_ENABLE_DEBUG_INFO = NO;
				SDKROOT = iphoneos;
				SWIFT_OPTIMIZATION_LEVEL = "-Owholemodule";
				VALIDATE_PRODUCT = YES;
			};
			name = Release;
		};
		A41CFF4B209ADAB100D479E8 /* Debug */ = {
			isa = XCBuildConfiguration;
			buildSettings = {
				ASSETCATALOG_COMPILER_APPICON_NAME = AppIcon;
				CODE_SIGN_STYLE = Automatic;
				INFOPLIST_FILE = RadioBt/Info.plist;
				LD_RUNPATH_SEARCH_PATHS = "$(inherited) @executable_path/Frameworks";
				PRODUCT_BUNDLE_IDENTIFIER = affixus.RadioBt;
				PRODUCT_NAME = "$(TARGET_NAME)";
				SWIFT_VERSION = 4.0;
				TARGETED_DEVICE_FAMILY = "1,2";
			};
			name = Debug;
		};
		A41CFF4C209ADAB100D479E8 /* Release */ = {
			isa = XCBuildConfiguration;
			buildSettings = {
				ASSETCATALOG_COMPILER_APPICON_NAME = AppIcon;
				CODE_SIGN_STYLE = Automatic;
				INFOPLIST_FILE = RadioBt/Info.plist;
				LD_RUNPATH_SEARCH_PATHS = "$(inherited) @executable_path/Frameworks";
				PRODUCT_BUNDLE_IDENTIFIER = affixus.RadioBt;
				PRODUCT_NAME = "$(TARGET_NAME)";
				SWIFT_VERSION = 4.0;
				TARGETED_DEVICE_FAMILY = "1,2";
			};
			name = Release;
		};
/* End XCBuildConfiguration section */

/* Begin XCConfigurationList section */
		A41CFF33209ADAB100D479E8 /* Build configuration list for PBXProject "RadioBt" */ = {
			isa = XCConfigurationList;
			buildConfigurations = (
				A41CFF48209ADAB100D479E8 /* Debug */,
				A41CFF49209ADAB100D479E8 /* Release */,
			);
			defaultConfigurationIsVisible = 0;
			defaultConfigurationName = Release;
		};
		A41CFF4A209ADAB100D479E8 /* Build configuration list for PBXNativeTarget "RadioBt" */ = {
			isa = XCConfigurationList;
			buildConfigurations = (
				A41CFF4B209ADAB100D479E8 /* Debug */,
				A41CFF4C209ADAB100D479E8 /* Release */,
			);
			defaultConfigurationIsVisible = 0;
			defaultConfigurationName = Release;
		};
/* End XCConfigurationList section */
	};
	rootObject = A41CFF30209ADAB100D479E8 /* Project object */;
}
